
Microsoft Visual Studio Solution File, Format Version 12.00
# Visual Studio 15
VisualStudioVersion = 15.0.27703.2035
MinimumVisualStudioVersion = 10.0.40219.1
Project("{FAE04EC0-301F-11D3-BF4B-00C04F79EFBC}") = "Comuni.Forms", "Comuni.Forms\Comuni.Forms.csproj", "{38B58384-5635-48F3-B8AF-00B8AC9E959B}"
EndProject
Project("{FAE04EC0-301F-11D3-BF4B-00C04F79EFBC}") = "Comuni.Core", "Comuni.Core\Comuni.Core.csproj", "{BDF57077-1988-4614-94B5-1F8A23AFFECF}"
EndProject
Global
	GlobalSection(SolutionConfigurationPlatforms) = preSolution
		Debug|Any CPU = Debug|Any CPU
		Release|Any CPU = Release|Any CPU
	EndGlobalSection
	GlobalSection(ProjectConfigurationPlatforms) = postSolution
		{38B58384-5635-48F3-B8AF-00B8AC9E959B}.Debug|Any CPU.ActiveCfg = Debug|Any CPU
		{38B58384-5635-48F3-B8AF-00B8AC9E959B}.Debug|Any CPU.Build.0 = Debug|Any CPU
		{38B58384-5635-48F3-B8AF-00B8AC9E959B}.Release|Any CPU.ActiveCfg = Release|Any CPU
		{38B58384-5635-48F3-B8AF-00B8AC9E959B}.Release|Any CPU.Build.0 = Release|Any CPU
		{BDF57077-1988-4614-94B5-1F8A23AFFECF}.Debug|Any CPU.ActiveCfg = Debug|Any CPU
		{BDF57077-1988-4614-94B5-1F8A23AFFECF}.Debug|Any CPU.Build.0 = Debug|Any CPU
		{BDF57077-1988-4614-94B5-1F8A23AFFECF}.Release|Any CPU.ActiveCfg = Release|Any CPU
		{BDF57077-1988-4614-94B5-1F8A23AFFECF}.Release|Any CPU.Build.0 = Release|Any CPU
	EndGlobalSection
	GlobalSection(SolutionProperties) = preSolution
		HideSolutionNode = FALSE
	EndGlobalSection
	GlobalSection(ExtensibilityGlobals) = postSolution
		SolutionGuid = {9E4BE7AF-9EBC-4E28-BF8B-6985DF0E57AD}
	EndGlobalSection
EndGlobal
